
Microsoft Visual Studio Solution File, Format Version 11.00
# Visual Studio 2010
Project("{FAE04EC0-301F-11D3-BF4B-00C04F79EFBC}") = "EditorUtils", "EditorUtils\EditorUtils.csproj", "{FB418222-C105-4942-8EEB-832DDCFFD89D}"
EndProject
Project("{2150E333-8FDC-42A3-9474-1A3956D46DE8}") = ".nuget", ".nuget", "{20F2BF19-83C1-4B78-9F53-A6EA8BC674B1}"
	ProjectSection(SolutionItems) = preProject
		.nuget\NuGet.exe = .nuget\NuGet.exe
		.nuget\NuGet.targets = .nuget\NuGet.targets
	EndProjectSection
EndProject
Project("{FAE04EC0-301F-11D3-BF4B-00C04F79EFBC}") = "EditorUtilsTest", "EditorUtilsTest\EditorUtilsTest.csproj", "{BAED09B7-25D9-4DD8-8558-BAC9730BA3F3}"
EndProject
Project("{FAE04EC0-301F-11D3-BF4B-00C04F79EFBC}") = "HighlightCommentKinds", "Samples\HighlightCommentKinds\HighlightCommentKinds.csproj", "{5C1123B5-2BF8-436C-8674-1C02359129E8}"
EndProject
Project("{FAE04EC0-301F-11D3-BF4B-00C04F79EFBC}") = "TestErrorMargin", "Samples\VsErrorHandler\TestErrorMargin\TestErrorMargin.csproj", "{88005317-23D1-486E-BDB4-4799BDBE9340}"
EndProject
Project("{FAE04EC0-301F-11D3-BF4B-00C04F79EFBC}") = "VsErrorHandler", "Samples\VsErrorHandler\VsErrorHandler\VsErrorHandler.csproj", "{BB1F8BCF-38DF-4900-B8B3-8BFA9BF3CD29}"
EndProject
Project("{FAE04EC0-301F-11D3-BF4B-00C04F79EFBC}") = "GuidGenerator", "Samples\GuidGenerator\GuidGenerator\GuidGenerator.csproj", "{29AACE0D-6C38-4E9E-849C-A136A59C6A1A}"
EndProject
Global
	GlobalSection(SolutionConfigurationPlatforms) = preSolution
		Debug|Any CPU = Debug|Any CPU
		Release|Any CPU = Release|Any CPU
	EndGlobalSection
	GlobalSection(ProjectConfigurationPlatforms) = postSolution
		{FB418222-C105-4942-8EEB-832DDCFFD89D}.Debug|Any CPU.ActiveCfg = Debug|Any CPU
		{FB418222-C105-4942-8EEB-832DDCFFD89D}.Debug|Any CPU.Build.0 = Debug|Any CPU
		{FB418222-C105-4942-8EEB-832DDCFFD89D}.Release|Any CPU.ActiveCfg = Release|Any CPU
		{FB418222-C105-4942-8EEB-832DDCFFD89D}.Release|Any CPU.Build.0 = Release|Any CPU
		{BAED09B7-25D9-4DD8-8558-BAC9730BA3F3}.Debug|Any CPU.ActiveCfg = Debug|Any CPU
		{BAED09B7-25D9-4DD8-8558-BAC9730BA3F3}.Debug|Any CPU.Build.0 = Debug|Any CPU
		{BAED09B7-25D9-4DD8-8558-BAC9730BA3F3}.Release|Any CPU.ActiveCfg = Release|Any CPU
		{BAED09B7-25D9-4DD8-8558-BAC9730BA3F3}.Release|Any CPU.Build.0 = Release|Any CPU
		{5C1123B5-2BF8-436C-8674-1C02359129E8}.Debug|Any CPU.ActiveCfg = Debug|Any CPU
		{5C1123B5-2BF8-436C-8674-1C02359129E8}.Debug|Any CPU.Build.0 = Debug|Any CPU
		{5C1123B5-2BF8-436C-8674-1C02359129E8}.Release|Any CPU.ActiveCfg = Release|Any CPU
		{5C1123B5-2BF8-436C-8674-1C02359129E8}.Release|Any CPU.Build.0 = Release|Any CPU
		{88005317-23D1-486E-BDB4-4799BDBE9340}.Debug|Any CPU.ActiveCfg = Debug|Any CPU
		{88005317-23D1-486E-BDB4-4799BDBE9340}.Debug|Any CPU.Build.0 = Debug|Any CPU
		{88005317-23D1-486E-BDB4-4799BDBE9340}.Release|Any CPU.ActiveCfg = Release|Any CPU
		{88005317-23D1-486E-BDB4-4799BDBE9340}.Release|Any CPU.Build.0 = Release|Any CPU
		{BB1F8BCF-38DF-4900-B8B3-8BFA9BF3CD29}.Debug|Any CPU.ActiveCfg = Debug|Any CPU
		{BB1F8BCF-38DF-4900-B8B3-8BFA9BF3CD29}.Debug|Any CPU.Build.0 = Debug|Any CPU
		{BB1F8BCF-38DF-4900-B8B3-8BFA9BF3CD29}.Release|Any CPU.ActiveCfg = Release|Any CPU
		{BB1F8BCF-38DF-4900-B8B3-8BFA9BF3CD29}.Release|Any CPU.Build.0 = Release|Any CPU
		{29AACE0D-6C38-4E9E-849C-A136A59C6A1A}.Debug|Any CPU.ActiveCfg = Debug|Any CPU
		{29AACE0D-6C38-4E9E-849C-A136A59C6A1A}.Debug|Any CPU.Build.0 = Debug|Any CPU
		{29AACE0D-6C38-4E9E-849C-A136A59C6A1A}.Release|Any CPU.ActiveCfg = Release|Any CPU
		{29AACE0D-6C38-4E9E-849C-A136A59C6A1A}.Release|Any CPU.Build.0 = Release|Any CPU
	EndGlobalSection
	GlobalSection(SolutionProperties) = preSolution
		HideSolutionNode = FALSE
	EndGlobalSection
EndGlobal
