
Microsoft Visual Studio Solution File, Format Version 12.00
# Visual Studio 2012
Project("{FAE04EC0-301F-11D3-BF4B-00C04F79EFBC}") = "ProjectionBufferDemo", "ProjectionBufferDemo\ProjectionBufferDemo.csproj", "{2B6D172C-05B0-44BF-9B8C-059DAE6CA4DB}"
EndProject
Project("{2150E333-8FDC-42A3-9474-1A3956D46DE8}") = ".nuget", ".nuget", "{8465D7BC-4C23-4175-8270-B341F0FC0495}"
	ProjectSection(SolutionItems) = preProject
		.nuget\NuGet.Config = .nuget\NuGet.Config
		.nuget\NuGet.exe = .nuget\NuGet.exe
		.nuget\NuGet.targets = .nuget\NuGet.targets
	EndProjectSection
EndProject
Global
	GlobalSection(SolutionConfigurationPlatforms) = preSolution
		Debug|Any CPU = Debug|Any CPU
		Release|Any CPU = Release|Any CPU
	EndGlobalSection
	GlobalSection(ProjectConfigurationPlatforms) = postSolution
		{2B6D172C-05B0-44BF-9B8C-059DAE6CA4DB}.Debug|Any CPU.ActiveCfg = Debug|Any CPU
		{2B6D172C-05B0-44BF-9B8C-059DAE6CA4DB}.Debug|Any CPU.Build.0 = Debug|Any CPU
		{2B6D172C-05B0-44BF-9B8C-059DAE6CA4DB}.Release|Any CPU.ActiveCfg = Release|Any CPU
		{2B6D172C-05B0-44BF-9B8C-059DAE6CA4DB}.Release|Any CPU.Build.0 = Release|Any CPU
	EndGlobalSection
	GlobalSection(SolutionProperties) = preSolution
		HideSolutionNode = FALSE
	EndGlobalSection
EndGlobal
